
Microsoft Visual Studio Solution File, Format Version 12.00
# Visual Studio Version 16
VisualStudioVersion = 16.0.29920.165
MinimumVisualStudioVersion = 10.0.40219.1
Project("{FAE04EC0-301F-11D3-BF4B-00C04F79EFBC}") = "CursoWebMVC", "CursoWebMVC\CursoWebMVC.csproj", "{1DAF70A0-7C48-4697-AC9B-C55630ED1122}"
EndProject
Global
	GlobalSection(SolutionConfigurationPlatforms) = preSolution
		Debug|Any CPU = Debug|Any CPU
		Release|Any CPU = Release|Any CPU
	EndGlobalSection
	GlobalSection(ProjectConfigurationPlatforms) = postSolution
		{1DAF70A0-7C48-4697-AC9B-C55630ED1122}.Debug|Any CPU.ActiveCfg = Debug|Any CPU
		{1DAF70A0-7C48-4697-AC9B-C55630ED1122}.Debug|Any CPU.Build.0 = Debug|Any CPU
		{1DAF70A0-7C48-4697-AC9B-C55630ED1122}.Release|Any CPU.ActiveCfg = Release|Any CPU
		{1DAF70A0-7C48-4697-AC9B-C55630ED1122}.Release|Any CPU.Build.0 = Release|Any CPU
	EndGlobalSection
	GlobalSection(SolutionProperties) = preSolution
		HideSolutionNode = FALSE
	EndGlobalSection
	GlobalSection(ExtensibilityGlobals) = postSolution
		SolutionGuid = {5F134EF5-305D-4DD5-AC92-CE1CA6AC1603}
	EndGlobalSection
EndGlobal
